
Microsoft Visual Studio Solution File, Format Version 12.00
# Visual Studio Version 17
VisualStudioVersion = 17.7.34009.444
MinimumVisualStudioVersion = 10.0.40219.1
Project("{9A19103F-16F7-4668-BE54-9A1E7A4F7556}") = "BlueBird.API", "BlueBird.API\BlueBird.API.csproj", "{23E5C74D-7B4E-4307-94A9-D65F71F97908}"
EndProject
Project("{9A19103F-16F7-4668-BE54-9A1E7A4F7556}") = "BlueBird.DataContext", "BlueBird.DataContext\BlueBird.DataContext.csproj", "{3C43233C-10DA-4210-9C2E-3B8F6B24F070}"
EndProject
Project("{FAE04EC0-301F-11D3-BF4B-00C04F79EFBC}") = "BlueBird.Reponsitory", "BlueBird.Reponsitory\BlueBird.Reponsitory.csproj", "{AFCB8822-DAEA-4230-8EF2-395CE30D6D44}"
EndProject
Global
	GlobalSection(SolutionConfigurationPlatforms) = preSolution
		Debug|Any CPU = Debug|Any CPU
		Release|Any CPU = Release|Any CPU
	EndGlobalSection
	GlobalSection(ProjectConfigurationPlatforms) = postSolution
		{23E5C74D-7B4E-4307-94A9-D65F71F97908}.Debug|Any CPU.ActiveCfg = Debug|Any CPU
		{23E5C74D-7B4E-4307-94A9-D65F71F97908}.Debug|Any CPU.Build.0 = Debug|Any CPU
		{23E5C74D-7B4E-4307-94A9-D65F71F97908}.Release|Any CPU.ActiveCfg = Release|Any CPU
		{23E5C74D-7B4E-4307-94A9-D65F71F97908}.Release|Any CPU.Build.0 = Release|Any CPU
		{3C43233C-10DA-4210-9C2E-3B8F6B24F070}.Debug|Any CPU.ActiveCfg = Debug|Any CPU
		{3C43233C-10DA-4210-9C2E-3B8F6B24F070}.Debug|Any CPU.Build.0 = Debug|Any CPU
		{3C43233C-10DA-4210-9C2E-3B8F6B24F070}.Release|Any CPU.ActiveCfg = Release|Any CPU
		{3C43233C-10DA-4210-9C2E-3B8F6B24F070}.Release|Any CPU.Build.0 = Release|Any CPU
		{AFCB8822-DAEA-4230-8EF2-395CE30D6D44}.Debug|Any CPU.ActiveCfg = Debug|Any CPU
		{AFCB8822-DAEA-4230-8EF2-395CE30D6D44}.Debug|Any CPU.Build.0 = Debug|Any CPU
		{AFCB8822-DAEA-4230-8EF2-395CE30D6D44}.Release|Any CPU.ActiveCfg = Release|Any CPU
		{AFCB8822-DAEA-4230-8EF2-395CE30D6D44}.Release|Any CPU.Build.0 = Release|Any CPU
	EndGlobalSection
	GlobalSection(SolutionProperties) = preSolution
		HideSolutionNode = FALSE
	EndGlobalSection
	GlobalSection(ExtensibilityGlobals) = postSolution
		SolutionGuid = {91090DFF-25FE-4238-B7DD-4A52E1275783}
	EndGlobalSection
EndGlobal
